
Microsoft Visual Studio Solution File, Format Version 12.00
# Visual Studio 14
VisualStudioVersion = 14.0.23107.0
MinimumVisualStudioVersion = 10.0.40219.1
Project("{D2ABAB84-BF74-430A-B69E-9DC6D40DDA17}") = "Kostka", "Kostka\Kostka.dwproj", "{9258D189-522C-4F42-9DE9-0E202B4271EA}"
EndProject
Global
	GlobalSection(SolutionConfigurationPlatforms) = preSolution
		Development|Default = Development|Default
	EndGlobalSection
	GlobalSection(ProjectConfigurationPlatforms) = postSolution
		{9258D189-522C-4F42-9DE9-0E202B4271EA}.Development|Default.ActiveCfg = Development
		{9258D189-522C-4F42-9DE9-0E202B4271EA}.Development|Default.Build.0 = Development
		{9258D189-522C-4F42-9DE9-0E202B4271EA}.Development|Default.Deploy.0 = Development
	EndGlobalSection
	GlobalSection(SolutionProperties) = preSolution
		HideSolutionNode = FALSE
	EndGlobalSection
EndGlobal
