
Microsoft Visual Studio Solution File, Format Version 12.00
# Visual Studio 14
VisualStudioVersion = 14.0.23107.0
MinimumVisualStudioVersion = 10.0.40219.1
Project("{159641D6-6404-4A2A-AE62-294DE0FE8301}") = "ETL_GR2", "ETL_GR2\ETL_GR2.dtproj", "{1A07DB8F-8D43-4EC9-9F69-8B7BCF10DE8D}"
EndProject
Global
	GlobalSection(SolutionConfigurationPlatforms) = preSolution
		Development|Default = Development|Default
	EndGlobalSection
	GlobalSection(ProjectConfigurationPlatforms) = postSolution
		{1A07DB8F-8D43-4EC9-9F69-8B7BCF10DE8D}.Development|Default.ActiveCfg = Development
		{1A07DB8F-8D43-4EC9-9F69-8B7BCF10DE8D}.Development|Default.Build.0 = Development
	EndGlobalSection
	GlobalSection(SolutionProperties) = preSolution
		HideSolutionNode = FALSE
	EndGlobalSection
EndGlobal
